
Microsoft Visual Studio Solution File, Format Version 12.00
# Visual Studio Version 17
VisualStudioVersion = 17.7.34031.279
MinimumVisualStudioVersion = 10.0.40219.1
Project("{FAE04EC0-301F-11D3-BF4B-00C04F79EFBC}") = "weekendtask29th", "weekendtask29th\weekendtask29th.csproj", "{2A080C76-B830-4A23-9D8D-4F4CF55B8904}"
EndProject
Global
	GlobalSection(SolutionConfigurationPlatforms) = preSolution
		Debug|Any CPU = Debug|Any CPU
		Release|Any CPU = Release|Any CPU
	EndGlobalSection
	GlobalSection(ProjectConfigurationPlatforms) = postSolution
		{2A080C76-B830-4A23-9D8D-4F4CF55B8904}.Debug|Any CPU.ActiveCfg = Debug|Any CPU
		{2A080C76-B830-4A23-9D8D-4F4CF55B8904}.Debug|Any CPU.Build.0 = Debug|Any CPU
		{2A080C76-B830-4A23-9D8D-4F4CF55B8904}.Release|Any CPU.ActiveCfg = Release|Any CPU
		{2A080C76-B830-4A23-9D8D-4F4CF55B8904}.Release|Any CPU.Build.0 = Release|Any CPU
	EndGlobalSection
	GlobalSection(SolutionProperties) = preSolution
		HideSolutionNode = FALSE
	EndGlobalSection
	GlobalSection(ExtensibilityGlobals) = postSolution
		SolutionGuid = {DB8FBF33-11B1-4778-AEE7-F8734130B5EC}
	EndGlobalSection
EndGlobal
